Frontend Cloud To be the best, you must be able to handle the worst. Predictive Analytics React Scalability
Simplicity is the ultimate sophistication. JavaScript Edge Computing Data Pipeline Quantum Computing Containerization Replica Set Neural Networks Algorithm Zero Downtime Deployment Multi-threading
I find that the harder I work, the more luck I seem to have. Optimization Kafka IoT Content Delivery Network
