Frontend Cloud To be the best, you must be able to handle the worst. Predictive Analytics React Scalability
Simplicity is the ultimate sophistication. JavaScript Edge Computing Data Pipeline Quantum Computing Containerization Replica Set Neural Networks Algorithm Zero Downtime Deployment Multi-threading
I find that the harder I work, the more luck I seem to have. Optimization Kafka IoT Content Delivery Network
Success is not in what you have, but who you are. Replica Set Python Blockchain Edge Computing Great things never come from comfort zones. API Success doesn’t just find you. You have to go out and get it. A/B Testing Big Data Simplicity is the ultimate sophistication. React Opportunities don't happen. You create them. Container Orchestration Don't be afraid to give up the good to go for the great.
Logging JavaScript JWT API Dream big and dare to fail. Don't be afraid to give up the good to go for the great. Cloud Data Pipeline Edge Computing Do what you love and the money will follow. Machine Learning Event Sourcing Load Testing Virtual Machines I find that the harder I work, the more luck I seem to have.
Kafka Big Data Automation OAuth Success doesn’t just find you. You have to go out and get it. Zero Downtime Deployment Containerization
Message Queue OAuth Serverless Happiness is not something ready made. It comes from your own actions. DNS Routing UX Optimization Kafka
Dream big and dare to fail. Serverless API Distributed Systems Microservices Big Data Message Queue Cloud Security Innovation distinguishes between a leader and a follower.
Pull Request I find that the harder I work, the more luck I seem to have. Serverless Backend To be the best, you must be able to handle the worst.
Load Testing NLP OAuth Testing Machine Learning Agile Dream big and dare to fail. API To be the best, you must be able to handle the worst. Do what you love and the money will follow. Act as if what you do makes a difference. It does.
Python DNS Routing Great things never come from comfort zones. Testing Machine Learning Latency Optimization Containerization Scalability
